// !$*UTF8*$!
{
	archiveVersion = 1;
	classes = {
	};
	objectVersion = 46;
	objects = {

/* Begin PBXBuildFile section */
		34164F1B1D44001000E1F956 /* HelperViewController.swift in Sources */ = {isa = PBXBuildFile; fileRef = 34164F1A1D44001000E1F956 /* HelperViewController.swift */; };
		34258B2D1D17E32E00312737 /* UdacityClient.swift in Sources */ = {isa = PBXBuildFile; fileRef = 34258B2C1D17E32E00312737 /* UdacityClient.swift */; };
		34258B2F1D17E36800312737 /* UdacityConstants.swift in Sources */ = {isa = PBXBuildFile; fileRef = 34258B2E1D17E36800312737 /* UdacityConstants.swift */; };
		34258B311D17EE3C00312737 /* ParseClient.swift in Sources */ = {isa = PBXBuildFile; fileRef = 34258B301D17EE3C00312737 /* ParseClient.swift */; };
		34258B331D17EE4800312737 /* ParseConstants.swift in Sources */ = {isa = PBXBuildFile; fileRef = 34258B321D17EE4800312737 /* ParseConstants.swift */; };
		343372841CC7796D00241DBE /* AppDelegate.swift in Sources */ = {isa = PBXBuildFile; fileRef = 343372831CC7796D00241DBE /* AppDelegate.swift */; };
		343372861CC7796D00241DBE /* LoginViewController.swift in Sources */ = {isa = PBXBuildFile; fileRef = 343372851CC7796D00241DBE /* LoginViewController.swift */; };
		343372891CC7796D00241DBE /* Main.storyboard in Resources */ = {isa = PBXBuildFile; fileRef = 343372871CC7796D00241DBE /* Main.storyboard */; };
		343372991CC7796D00241DBE /* On_The_MapTests.swift in Sources */ = {isa = PBXBuildFile; fileRef = 343372981CC7796D00241DBE /* On_The_MapTests.swift */; };
		343372A41CC7796D00241DBE /* On_The_MapUITests.swift in Sources */ = {isa = PBXBuildFile; fileRef = 343372A31CC7796D00241DBE /* On_The_MapUITests.swift */; };
		34B64E521D3ECB5D00226CA1 /* NewLocationViewController.swift in Sources */ = {isa = PBXBuildFile; fileRef = 34B64E511D3ECB5D00226CA1 /* NewLocationViewController.swift */; };
		34C63D001CCEAB3D00388E33 /* Assets.xcassets in Resources */ = {isa = PBXBuildFile; fileRef = 34C63CFF1CCEAB3D00388E33 /* Assets.xcassets */; };
		34C63D041CCEACC100388E33 /* Launch Screen.storyboard in Resources */ = {isa = PBXBuildFile; fileRef = 34C63D031CCEACC100388E33 /* Launch Screen.storyboard */; };
		34E568C11D3D305100D969B7 /* TableViewController.swift in Sources */ = {isa = PBXBuildFile; fileRef = 34E568C01D3D305100D969B7 /* TableViewController.swift */; };
		34E568C31D3D32D600D969B7 /* MapViewController.swift in Sources */ = {isa = PBXBuildFile; fileRef = 34E568C21D3D32D600D969B7 /* MapViewController.swift */; };
		34E568C51D3E224300D969B7 /* Utility.swift in Sources */ = {isa = PBXBuildFile; fileRef = 34E568C41D3E224300D969B7 /* Utility.swift */; };
		34E568C71D3E249800D969B7 /* StudentInformation.swift in Sources */ = {isa = PBXBuildFile; fileRef = 34E568C61D3E249800D969B7 /* StudentInformation.swift */; };
/* End PBXBuildFile section */

/* Begin PBXContainerItemProxy section */
		343372951CC7796D00241DBE /* PBXContainerItemProxy */ = {
			isa = PBXContainerItemProxy;
			containerPortal = 343372781CC7796D00241DBE /* Project object */;
			proxyType = 1;
			remoteGlobalIDString = 3433727F1CC7796D00241DBE;
			remoteInfo = "On The Map";
		};
		343372A01CC7796D00241DBE /* PBXContainerItemProxy */ = {
			isa = PBXContainerItemProxy;
			containerPortal = 343372781CC7796D00241DBE /* Project object */;
			proxyType = 1;
			remoteGlobalIDString = 3433727F1CC7796D00241DBE;
			remoteInfo = "On The Map";
		};
/* End PBXContainerItemProxy section */

/* Begin PBXFileReference section */
		34164F1A1D44001000E1F956 /* HelperViewController.swift */ = {isa = PBXFileReference; fileEncoding = 4; lastKnownFileType = sourcecode.swift; path = HelperViewController.swift; sourceTree = "<group>"; };
		34258B2C1D17E32E00312737 /* UdacityClient.swift */ = {isa = PBXFileReference; fileEncoding = 4; lastKnownFileType = sourcecode.swift; path = UdacityClient.swift; sourceTree = "<group>"; };
		34258B2E1D17E36800312737 /* UdacityConstants.swift */ = {isa = PBXFileReference; fileEncoding = 4; lastKnownFileType = sourcecode.swift; path = UdacityConstants.swift; sourceTree = "<group>"; };
		34258B301D17EE3C00312737 /* ParseClient.swift */ = {isa = PBXFileReference; fileEncoding = 4; lastKnownFileType = sourcecode.swift; path = ParseClient.swift; sourceTree = "<group>"; };
		34258B321D17EE4800312737 /* ParseConstants.swift */ = {isa = PBXFileReference; fileEncoding = 4; lastKnownFileType = sourcecode.swift; path = ParseConstants.swift; sourceTree = "<group>"; };
		343372801CC7796D00241DBE /* On The Map.app */ = {isa = PBXFileReference; explicitFileType = wrapper.application; includeInIndex = 0; path = "On The Map.app"; sourceTree = BUILT_PRODUCTS_DIR; };
		343372831CC7796D00241DBE /* AppDelegate.swift */ = {isa = PBXFileReference; lastKnownFileType = sourcecode.swift; path = AppDelegate.swift; sourceTree = "<group>"; };
		343372851CC7796D00241DBE /* LoginViewController.swift */ = {isa = PBXFileReference; lastKnownFileType = sourcecode.swift; path = LoginViewController.swift; sourceTree = "<group>"; };
		343372881CC7796D00241DBE /* Base */ = {isa = PBXFileReference; lastKnownFileType = file.storyboard; name = Base; path = Base.lproj/Main.storyboard; sourceTree = "<group>"; };
		3433728F1CC7796D00241DBE /* Info.plist */ = {isa = PBXFileReference; lastKnownFileType = text.plist.xml; path = Info.plist; sourceTree = "<group>"; };
		343372941CC7796D00241DBE /* On The MapTests.xctest */ = {isa = PBXFileReference; explicitFileType = wrapper.cfbundle; includeInIndex = 0; path = "On The MapTests.xctest"; sourceTree = BUILT_PRODUCTS_DIR; };
		343372981CC7796D00241DBE /* On_The_MapTests.swift */ = {isa = PBXFileReference; lastKnownFileType = sourcecode.swift; path = On_The_MapTests.swift; sourceTree = "<group>"; };
		3433729A1CC7796D00241DBE /* Info.plist */ = {isa = PBXFileReference; lastKnownFileType = text.plist.xml; path = Info.plist; sourceTree = "<group>"; };
		3433729F1CC7796D00241DBE /* On The MapUITests.xctest */ = {isa = PBXFileReference; explicitFileType = wrapper.cfbundle; includeInIndex = 0; path = "On The MapUITests.xctest"; sourceTree = BUILT_PRODUCTS_DIR; };
		343372A31CC7796D00241DBE /* On_The_MapUITests.swift */ = {isa = PBXFileReference; lastKnownFileType = sourcecode.swift; path = On_The_MapUITests.swift; sourceTree = "<group>"; };
		343372A51CC7796D00241DBE /* Info.plist */ = {isa = PBXFileReference; lastKnownFileType = text.plist.xml; path = Info.plist; sourceTree = "<group>"; };
		34B64E511D3ECB5D00226CA1 /* NewLocationViewController.swift */ = {isa = PBXFileReference; fileEncoding = 4; lastKnownFileType = sourcecode.swift; path = NewLocationViewController.swift; sourceTree = "<group>"; };
		34C63CFF1CCEAB3D00388E33 /* Assets.xcassets */ = {isa = PBXFileReference; lastKnownFileType = folder.assetcatalog; path = Assets.xcassets; sourceTree = "<group>"; };
		34C63D031CCEACC100388E33 /* Launch Screen.storyboard */ = {isa = PBXFileReference; fileEncoding = 4; lastKnownFileType = file.storyboard; path = "Launch Screen.storyboard"; sourceTree = "<group>"; };
		34E568C01D3D305100D969B7 /* TableViewController.swift */ = {isa = PBXFileReference; fileEncoding = 4; lastKnownFileType = sourcecode.swift; path = TableViewController.swift; sourceTree = "<group>"; };
		34E568C21D3D32D600D969B7 /* MapViewController.swift */ = {isa = PBXFileReference; fileEncoding = 4; lastKnownFileType = sourcecode.swift; path = MapViewController.swift; sourceTree = "<group>"; };
		34E568C41D3E224300D969B7 /* Utility.swift */ = {isa = PBXFileReference; fileEncoding = 4; lastKnownFileType = sourcecode.swift; path = Utility.swift; sourceTree = "<group>"; };
		34E568C61D3E249800D969B7 /* StudentInformation.swift */ = {isa = PBXFileReference; fileEncoding = 4; lastKnownFileType = sourcecode.swift; path = StudentInformation.swift; sourceTree = "<group>"; };
/* End PBXFileReference section */

/* Begin PBXFrameworksBuildPhase section */
		3433727D1CC7796D00241DBE /* Frameworks */ = {
			isa = PBXFrameworksBuildPhase;
			buildActionMask = 2147483647;
			files = (
			);
			runOnlyForDeploymentPostprocessing = 0;
		};
		343372911CC7796D00241DBE /* Frameworks */ = {
			isa = PBXFrameworksBuildPhase;
			buildActionMask = 2147483647;
			files = (
			);
			runOnlyForDeploymentPostprocessing = 0;
		};
		3433729C1CC7796D00241DBE /* Frameworks */ = {
			isa = PBXFrameworksBuildPhase;
			buildActionMask = 2147483647;
			files = (
			);
			runOnlyForDeploymentPostprocessing = 0;
		};
/* End PBXFrameworksBuildPhase section */

/* Begin PBXGroup section */
		343372771CC7796D00241DBE = {
			isa = PBXGroup;
			children = (
				343372821CC7796D00241DBE /* On The Map */,
				343372971CC7796D00241DBE /* On The MapTests */,
				343372A21CC7796D00241DBE /* On The MapUITests */,
				343372811CC7796D00241DBE /* Products */,
			);
			sourceTree = "<group>";
		};
		343372811CC7796D00241DBE /* Products */ = {
			isa = PBXGroup;
			children = (
				343372801CC7796D00241DBE /* On The Map.app */,
				343372941CC7796D00241DBE /* On The MapTests.xctest */,
				3433729F1CC7796D00241DBE /* On The MapUITests.xctest */,
			);
			name = Products;
			sourceTree = "<group>";
		};
		343372821CC7796D00241DBE /* On The Map */ = {
			isa = PBXGroup;
			children = (
				34C63D031CCEACC100388E33 /* Launch Screen.storyboard */,
				34C63CFF1CCEAB3D00388E33 /* Assets.xcassets */,
				34FF97551D43733B000B2BE1 /* Model */,
				3439E5B21CCEA59100689CB5 /* Controller */,
				343372831CC7796D00241DBE /* AppDelegate.swift */,
				343372871CC7796D00241DBE /* Main.storyboard */,
				3433728F1CC7796D00241DBE /* Info.plist */,
			);
			path = "On The Map";
			sourceTree = "<group>";
		};
		343372971CC7796D00241DBE /* On The MapTests */ = {
			isa = PBXGroup;
			children = (
				343372981CC7796D00241DBE /* On_The_MapTests.swift */,
				3433729A1CC7796D00241DBE /* Info.plist */,
			);
			path = "On The MapTests";
			sourceTree = "<group>";
		};
		343372A21CC7796D00241DBE /* On The MapUITests */ = {
			isa = PBXGroup;
			children = (
				343372A31CC7796D00241DBE /* On_The_MapUITests.swift */,
				343372A51CC7796D00241DBE /* Info.plist */,
			);
			path = "On The MapUITests";
			sourceTree = "<group>";
		};
		3439E5B21CCEA59100689CB5 /* Controller */ = {
			isa = PBXGroup;
			children = (
				343372851CC7796D00241DBE /* LoginViewController.swift */,
				34B64E511D3ECB5D00226CA1 /* NewLocationViewController.swift */,
				34E568C01D3D305100D969B7 /* TableViewController.swift */,
				34E568C21D3D32D600D969B7 /* MapViewController.swift */,
				34164F1A1D44001000E1F956 /* HelperViewController.swift */,
			);
			name = Controller;
			sourceTree = "<group>";
		};
		34FF97551D43733B000B2BE1 /* Model */ = {
			isa = PBXGroup;
			children = (
				34FF97561D437348000B2BE1 /* Clients */,
			);
			name = Model;
			sourceTree = "<group>";
		};
		34FF97561D437348000B2BE1 /* Clients */ = {
			isa = PBXGroup;
			children = (
				34E568C41D3E224300D969B7 /* Utility.swift */,
				34E568C61D3E249800D969B7 /* StudentInformation.swift */,
				34FF97581D43735E000B2BE1 /* Parse */,
				34FF97571D437351000B2BE1 /* Udacity */,
			);
			name = Clients;
			sourceTree = "<group>";
		};
		34FF97571D437351000B2BE1 /* Udacity */ = {
			isa = PBXGroup;
			children = (
				34258B2E1D17E36800312737 /* UdacityConstants.swift */,
				34258B2C1D17E32E00312737 /* UdacityClient.swift */,
			);
			name = Udacity;
			sourceTree = "<group>";
		};
		34FF97581D43735E000B2BE1 /* Parse */ = {
			isa = PBXGroup;
			children = (
				34258B301D17EE3C00312737 /* ParseClient.swift */,
				34258B321D17EE4800312737 /* ParseConstants.swift */,
			);
			name = Parse;
			sourceTree = "<group>";
		};
/* End PBXGroup section */

/* Begin PBXNativeTarget section */
		3433727F1CC7796D00241DBE /* On The Map */ = {
			isa = PBXNativeTarget;
			buildConfigurationList = 343372A81CC7796D00241DBE /* Build configuration list for PBXNativeTarget "On The Map" */;
			buildPhases = (
				3433727C1CC7796D00241DBE /* Sources */,
				3433727D1CC7796D00241DBE /* Frameworks */,
				3433727E1CC7796D00241DBE /* Resources */,
			);
			buildRules = (
			);
			dependencies = (
			);
			name = "On The Map";
			productName = "On The Map";
			productReference = 343372801CC7796D00241DBE /* On The Map.app */;
			productType = "com.apple.product-type.application";
		};
		343372931CC7796D00241DBE /* On The MapTests */ = {
			isa = PBXNativeTarget;
			buildConfigurationList = 343372AB1CC7796D00241DBE /* Build configuration list for PBXNativeTarget "On The MapTests" */;
			buildPhases = (
				0C83CEEB9992EBD8A9E5949B /* 📦 Check Pods Manifest.lock */,
				343372901CC7796D00241DBE /* Sources */,
				343372911CC7796D00241DBE /* Frameworks */,
				343372921CC7796D00241DBE /* Resources */,
				0D2761F9C769C168411D15BC /* 📦 Embed Pods Frameworks */,
				AAD326665F6C2546AF9F4475 /* 📦 Copy Pods Resources */,
			);
			buildRules = (
			);
			dependencies = (
				343372961CC7796D00241DBE /* PBXTargetDependency */,
			);
			name = "On The MapTests";
			productName = "On The MapTests";
			productReference = 343372941CC7796D00241DBE /* On The MapTests.xctest */;
			productType = "com.apple.product-type.bundle.unit-test";
		};
		3433729E1CC7796D00241DBE /* On The MapUITests */ = {
			isa = PBXNativeTarget;
			buildConfigurationList = 343372AE1CC7796D00241DBE /* Build configuration list for PBXNativeTarget "On The MapUITests" */;
			buildPhases = (
				A57AE220ACAAA707D62B4F5B /* 📦 Check Pods Manifest.lock */,
				3433729B1CC7796D00241DBE /* Sources */,
				3433729C1CC7796D00241DBE /* Frameworks */,
				3433729D1CC7796D00241DBE /* Resources */,
				9F9EAD0EA9D3BD780B857354 /* 📦 Copy Pods Resources */,
			);
			buildRules = (
			);
			dependencies = (
				343372A11CC7796D00241DBE /* PBXTargetDependency */,
			);
			name = "On The MapUITests";
			productName = "On The MapUITests";
			productReference = 3433729F1CC7796D00241DBE /* On The MapUITests.xctest */;
			productType = "com.apple.product-type.bundle.ui-testing";
		};
/* End PBXNativeTarget section */

/* Begin PBXProject section */
		343372781CC7796D00241DBE /* Project object */ = {
			isa = PBXProject;
			attributes = {
				LastSwiftUpdateCheck = 0730;
				LastUpgradeCheck = 0730;
				ORGANIZATIONNAME = "Daniel Brand";
				TargetAttributes = {
					3433727F1CC7796D00241DBE = {
						CreatedOnToolsVersion = 7.3;
					};
					343372931CC7796D00241DBE = {
						CreatedOnToolsVersion = 7.3;
						TestTargetID = 3433727F1CC7796D00241DBE;
					};
					3433729E1CC7796D00241DBE = {
						CreatedOnToolsVersion = 7.3;
						TestTargetID = 3433727F1CC7796D00241DBE;
					};
				};
			};
			buildConfigurationList = 3433727B1CC7796D00241DBE /* Build configuration list for PBXProject "On The Map" */;
			compatibilityVersion = "Xcode 3.2";
			developmentRegion = English;
			hasScannedForEncodings = 0;
			knownRegions = (
				en,
				Base,
			);
			mainGroup = 343372771CC7796D00241DBE;
			productRefGroup = 343372811CC7796D00241DBE /* Products */;
			projectDirPath = "";
			projectRoot = "";
			targets = (
				3433727F1CC7796D00241DBE /* On The Map */,
				343372931CC7796D00241DBE /* On The MapTests */,
				3433729E1CC7796D00241DBE /* On The MapUITests */,
			);
		};
/* End PBXProject section */

/* Begin PBXResourcesBuildPhase section */
		3433727E1CC7796D00241DBE /* Resources */ = {
			isa = PBXResourcesBuildPhase;
			buildActionMask = 2147483647;
			files = (
				34C63D001CCEAB3D00388E33 /* Assets.xcassets in Resources */,
				34C63D041CCEACC100388E33 /* Launch Screen.storyboard in Resources */,
				343372891CC7796D00241DBE /* Main.storyboard in Resources */,
			);
			runOnlyForDeploymentPostprocessing = 0;
		};
		343372921CC7796D00241DBE /* Resources */ = {
			isa = PBXResourcesBuildPhase;
			buildActionMask = 2147483647;
			files = (
			);
			runOnlyForDeploymentPostprocessing = 0;
		};
		3433729D1CC7796D00241DBE /* Resources */ = {
			isa = PBXResourcesBuildPhase;
			buildActionMask = 2147483647;
			files = (
			);
			runOnlyForDeploymentPostprocessing = 0;
		};
/* End PBXResourcesBuildPhase section */

/* Begin PBXShellScriptBuildPhase section */
		0C83CEEB9992EBD8A9E5949B /* 📦 Check Pods Manifest.lock */ = {
			isa = PBXShellScriptBuildPhase;
			buildActionMask = 2147483647;
			files = (
			);
			inputPaths = (
			);
			name = "📦 Check Pods Manifest.lock";
			outputPaths = (
			);
			runOnlyForDeploymentPostprocessing = 0;
			shellPath = /bin/sh;
			shellScript = "diff \"${PODS_ROOT}/../Podfile.lock\" \"${PODS_ROOT}/Manifest.lock\" > /dev/null\nif [[ $? != 0 ]] ; then\n    cat << EOM\nerror: The sandbox is not in sync with the Podfile.lock. Run 'pod install' or update your CocoaPods installation.\nEOM\n    exit 1\nfi\n";
			showEnvVarsInLog = 0;
		};
		0D2761F9C769C168411D15BC /* 📦 Embed Pods Frameworks */ = {
			isa = PBXShellScriptBuildPhase;
			buildActionMask = 2147483647;
			files = (
			);
			inputPaths = (
			);
			name = "📦 Embed Pods Frameworks";
			outputPaths = (
			);
			runOnlyForDeploymentPostprocessing = 0;
			shellPath = /bin/sh;
			shellScript = "\"${SRCROOT}/Pods/Target Support Files/Pods-On The MapTests/Pods-On The MapTests-frameworks.sh\"\n";
			showEnvVarsInLog = 0;
		};
		9F9EAD0EA9D3BD780B857354 /* 📦 Copy Pods Resources */ = {
			isa = PBXShellScriptBuildPhase;
			buildActionMask = 2147483647;
			files = (
			);
			inputPaths = (
			);
			name = "📦 Copy Pods Resources";
			outputPaths = (
			);
			runOnlyForDeploymentPostprocessing = 0;
			shellPath = /bin/sh;
			shellScript = "\"${SRCROOT}/Pods/Target Support Files/Pods-On The MapUITests/Pods-On The MapUITests-resources.sh\"\n";
			showEnvVarsInLog = 0;
		};
		A57AE220ACAAA707D62B4F5B /* 📦 Check Pods Manifest.lock */ = {
			isa = PBXShellScriptBuildPhase;
			buildActionMask = 2147483647;
			files = (
			);
			inputPaths = (
			);
			name = "📦 Check Pods Manifest.lock";
			outputPaths = (
			);
			runOnlyForDeploymentPostprocessing = 0;
			shellPath = /bin/sh;
			shellScript = "diff \"${PODS_ROOT}/../Podfile.lock\" \"${PODS_ROOT}/Manifest.lock\" > /dev/null\nif [[ $? != 0 ]] ; then\n    cat << EOM\nerror: The sandbox is not in sync with the Podfile.lock. Run 'pod install' or update your CocoaPods installation.\nEOM\n    exit 1\nfi\n";
			showEnvVarsInLog = 0;
		};
		AAD326665F6C2546AF9F4475 /* 📦 Copy Pods Resources */ = {
			isa = PBXShellScriptBuildPhase;
			buildActionMask = 2147483647;
			files = (
			);
			inputPaths = (
			);
			name = "📦 Copy Pods Resources";
			outputPaths = (
			);
			runOnlyForDeploymentPostprocessing = 0;
			shellPath = /bin/sh;
			shellScript = "\"${SRCROOT}/Pods/Target Support Files/Pods-On The MapTests/Pods-On The MapTests-resources.sh\"\n";
			showEnvVarsInLog = 0;
		};
/* End PBXShellScriptBuildPhase section */

/* Begin PBXSourcesBuildPhase section */
		3433727C1CC7796D00241DBE /* Sources */ = {
			isa = PBXSourcesBuildPhase;
			buildActionMask = 2147483647;
			files = (
				343372861CC7796D00241DBE /* LoginViewController.swift in Sources */,
				34E568C11D3D305100D969B7 /* TableViewController.swift in Sources */,
				34E568C51D3E224300D969B7 /* Utility.swift in Sources */,
				34258B311D17EE3C00312737 /* ParseClient.swift in Sources */,
				34B64E521D3ECB5D00226CA1 /* NewLocationViewController.swift in Sources */,
				34258B2F1D17E36800312737 /* UdacityConstants.swift in Sources */,
				343372841CC7796D00241DBE /* AppDelegate.swift in Sources */,
				34164F1B1D44001000E1F956 /* HelperViewController.swift in Sources */,
				34258B2D1D17E32E00312737 /* UdacityClient.swift in Sources */,
				34258B331D17EE4800312737 /* ParseConstants.swift in Sources */,
				34E568C71D3E249800D969B7 /* StudentInformation.swift in Sources */,
				34E568C31D3D32D600D969B7 /* MapViewController.swift in Sources */,
			);
			runOnlyForDeploymentPostprocessing = 0;
		};
		343372901CC7796D00241DBE /* Sources */ = {
			isa = PBXSourcesBuildPhase;
			buildActionMask = 2147483647;
			files = (
				343372991CC7796D00241DBE /* On_The_MapTests.swift in Sources */,
			);
			runOnlyForDeploymentPostprocessing = 0;
		};
		3433729B1CC7796D00241DBE /* Sources */ = {
			isa = PBXSourcesBuildPhase;
			buildActionMask = 2147483647;
			files = (
				343372A41CC7796D00241DBE /* On_The_MapUITests.swift in Sources */,
			);
			runOnlyForDeploymentPostprocessing = 0;
		};
/* End PBXSourcesBuildPhase section */

/* Begin PBXTargetDependency section */
		343372961CC7796D00241DBE /* PBXTargetDependency */ = {
			isa = PBXTargetDependency;
			target = 3433727F1CC7796D00241DBE /* On The Map */;
			targetProxy = 343372951CC7796D00241DBE /* PBXContainerItemProxy */;
		};
		343372A11CC7796D00241DBE /* PBXTargetDependency */ = {
			isa = PBXTargetDependency;
			target = 3433727F1CC7796D00241DBE /* On The Map */;
			targetProxy = 343372A01CC7796D00241DBE /* PBXContainerItemProxy */;
		};
/* End PBXTargetDependency section */

/* Begin PBXVariantGroup section */
		343372871CC7796D00241DBE /* Main.storyboard */ = {
			isa = PBXVariantGroup;
			children = (
				343372881CC7796D00241DBE /* Base */,
			);
			name = Main.storyboard;
			sourceTree = "<group>";
		};
/* End PBXVariantGroup section */

/* Begin XCBuildConfiguration section */
		343372A61CC7796D00241DBE /* Debug */ = {
			isa = XCBuildConfiguration;
			buildSettings = {
				ALWAYS_SEARCH_USER_PATHS = NO;
				CLANG_ANALYZER_NONNULL = YES;
				CLANG_CXX_LANGUAGE_STANDARD = "gnu++0x";
				CLANG_CXX_LIBRARY = "libc++";
				CLANG_ENABLE_MODULES = YES;
				CLANG_ENABLE_OBJC_ARC = YES;
				CLANG_WARN_BOOL_CONVERSION = YES;
				CLANG_WARN_CONSTANT_CONVERSION = YES;
				CLANG_WARN_DIRECT_OBJC_ISA_USAGE = YES_ERROR;
				CLANG_WARN_EMPTY_BODY = YES;
				CLANG_WARN_ENUM_CONVERSION = YES;
				CLANG_WARN_INT_CONVERSION = YES;
				CLANG_WARN_OBJC_ROOT_CLASS = YES_ERROR;
				CLANG_WARN_UNREACHABLE_CODE = YES;
				CLANG_WARN__DUPLICATE_METHOD_MATCH = YES;
				"CODE_SIGN_IDENTITY[sdk=iphoneos*]" = "iPhone Developer";
				COPY_PHASE_STRIP = NO;
				DEBUG_INFORMATION_FORMAT = dwarf;
				ENABLE_STRICT_OBJC_MSGSEND = YES;
				ENABLE_TESTABILITY = YES;
				GCC_C_LANGUAGE_STANDARD = gnu99;
				GCC_DYNAMIC_NO_PIC = NO;
				GCC_NO_COMMON_BLOCKS = YES;
				GCC_OPTIMIZATION_LEVEL = 0;
				GCC_PREPROCESSOR_DEFINITIONS = (
					"DEBUG=1",
					"$(inherited)",
				);
				GCC_WARN_64_TO_32_BIT_CONVERSION = YES;
				GCC_WARN_ABOUT_RETURN_TYPE = YES_ERROR;
				GCC_WARN_UNDECLARED_SELECTOR = YES;
				GCC_WARN_UNINITIALIZED_AUTOS = YES_AGGRESSIVE;
				GCC_WARN_UNUSED_FUNCTION = YES;
				GCC_WARN_UNUSED_VARIABLE = YES;
				IPHONEOS_DEPLOYMENT_TARGET = 9.3;
				MTL_ENABLE_DEBUG_INFO = YES;
				ONLY_ACTIVE_ARCH = YES;
				SDKROOT = iphoneos;
				SWIFT_OPTIMIZATION_LEVEL = "-Onone";
				TARGETED_DEVICE_FAMILY = "1,2";
			};
			name = Debug;
		};
		343372A71CC7796D00241DBE /* Release */ = {
			isa = XCBuildConfiguration;
			buildSettings = {
				ALWAYS_SEARCH_USER_PATHS = NO;
				CLANG_ANALYZER_NONNULL = YES;
				CLANG_CXX_LANGUAGE_STANDARD = "gnu++0x";
				CLANG_CXX_LIBRARY = "libc++";
				CLANG_ENABLE_MODULES = YES;
				CLANG_ENABLE_OBJC_ARC = YES;
				CLANG_WARN_BOOL_CONVERSION = YES;
				CLANG_WARN_CONSTANT_CONVERSION = YES;
				CLANG_WARN_DIRECT_OBJC_ISA_USAGE = YES_ERROR;
				CLANG_WARN_EMPTY_BODY = YES;
				CLANG_WARN_ENUM_CONVERSION = YES;
				CLANG_WARN_INT_CONVERSION = YES;
				CLANG_WARN_OBJC_ROOT_CLASS = YES_ERROR;
				CLANG_WARN_UNREACHABLE_CODE = YES;
				CLANG_WARN__DUPLICATE_METHOD_MATCH = YES;
				"CODE_SIGN_IDENTITY[sdk=iphoneos*]" = "iPhone Developer";
				COPY_PHASE_STRIP = NO;
				DEBUG_INFORMATION_FORMAT = "dwarf-with-dsym";
				ENABLE_NS_ASSERTIONS = NO;
				ENABLE_STRICT_OBJC_MSGSEND = YES;
				GCC_C_LANGUAGE_STANDARD = gnu99;
				GCC_NO_COMMON_BLOCKS = YES;
				GCC_WARN_64_TO_32_BIT_CONVERSION = YES;
				GCC_WARN_ABOUT_RETURN_TYPE = YES_ERROR;
				GCC_WARN_UNDECLARED_SELECTOR = YES;
				GCC_WARN_UNINITIALIZED_AUTOS = YES_AGGRESSIVE;
				GCC_WARN_UNUSED_FUNCTION = YES;
				GCC_WARN_UNUSED_VARIABLE = YES;
				IPHONEOS_DEPLOYMENT_TARGET = 9.3;
				MTL_ENABLE_DEBUG_INFO = NO;
				SDKROOT = iphoneos;
				TARGETED_DEVICE_FAMILY = "1,2";
				VALIDATE_PRODUCT = YES;
			};
			name = Release;
		};
		343372A91CC7796D00241DBE /* Debug */ = {
			isa = XCBuildConfiguration;
			buildSettings = {
				ASSETCATALOG_COMPILER_APPICON_NAME = AppIcon;
				INFOPLIST_FILE = "On The Map/Info.plist";
				LD_RUNPATH_SEARCH_PATHS = "$(inherited) @executable_path/Frameworks";
				PRODUCT_BUNDLE_IDENTIFIER = "org.liquidsunset.On-The-Map";
				PRODUCT_NAME = "$(TARGET_NAME)";
			};
			name = Debug;
		};
		343372AA1CC7796D00241DBE /* Release */ = {
			isa = XCBuildConfiguration;
			buildSettings = {
				ASSETCATALOG_COMPILER_APPICON_NAME = AppIcon;
				INFOPLIST_FILE = "On The Map/Info.plist";
				LD_RUNPATH_SEARCH_PATHS = "$(inherited) @executable_path/Frameworks";
				PRODUCT_BUNDLE_IDENTIFIER = "org.liquidsunset.On-The-Map";
				PRODUCT_NAME = "$(TARGET_NAME)";
			};
			name = Release;
		};
		343372AC1CC7796D00241DBE /* Debug */ = {
			isa = XCBuildConfiguration;
			buildSettings = {
				BUNDLE_LOADER = "$(TEST_HOST)";
				INFOPLIST_FILE = "On The MapTests/Info.plist";
				LD_RUNPATH_SEARCH_PATHS = "$(inherited) @executable_path/Frameworks @loader_path/Frameworks";
				PRODUCT_BUNDLE_IDENTIFIER = "org.liquidsunset.On-The-MapTests";
				PRODUCT_NAME = "$(TARGET_NAME)";
				TEST_HOST = "$(BUILT_PRODUCTS_DIR)/On The Map.app/On The Map";
			};
			name = Debug;
		};
		343372AD1CC7796D00241DBE /* Release */ = {
			isa = XCBuildConfiguration;
			buildSettings = {
				BUNDLE_LOADER = "$(TEST_HOST)";
				INFOPLIST_FILE = "On The MapTests/Info.plist";
				LD_RUNPATH_SEARCH_PATHS = "$(inherited) @executable_path/Frameworks @loader_path/Frameworks";
				PRODUCT_BUNDLE_IDENTIFIER = "org.liquidsunset.On-The-MapTests";
				PRODUCT_NAME = "$(TARGET_NAME)";
				TEST_HOST = "$(BUILT_PRODUCTS_DIR)/On The Map.app/On The Map";
			};
			name = Release;
		};
		343372AF1CC7796D00241DBE /* Debug */ = {
			isa = XCBuildConfiguration;
			buildSettings = {
				INFOPLIST_FILE = "On The MapUITests/Info.plist";
				LD_RUNPATH_SEARCH_PATHS = "$(inherited) @executable_path/Frameworks @loader_path/Frameworks";
				PRODUCT_BUNDLE_IDENTIFIER = "org.liquidsunset.On-The-MapUITests";
				PRODUCT_NAME = "$(TARGET_NAME)";
				TEST_TARGET_NAME = "On The Map";
			};
			name = Debug;
		};
		343372B01CC7796D00241DBE /* Release */ = {
			isa = XCBuildConfiguration;
			buildSettings = {
				INFOPLIST_FILE = "On The MapUITests/Info.plist";
				LD_RUNPATH_SEARCH_PATHS = "$(inherited) @executable_path/Frameworks @loader_path/Frameworks";
				PRODUCT_BUNDLE_IDENTIFIER = "org.liquidsunset.On-The-MapUITests";
				PRODUCT_NAME = "$(TARGET_NAME)";
				TEST_TARGET_NAME = "On The Map";
			};
			name = Release;
		};
/* End XCBuildConfiguration section */

/* Begin XCConfigurationList section */
		3433727B1CC7796D00241DBE /* Build configuration list for PBXProject "On The Map" */ = {
			isa = XCConfigurationList;
			buildConfigurations = (
				343372A61CC7796D00241DBE /* Debug */,
				343372A71CC7796D00241DBE /* Release */,
			);
			defaultConfigurationIsVisible = 0;
			defaultConfigurationName = Release;
		};
		343372A81CC7796D00241DBE /* Build configuration list for PBXNativeTarget "On The Map" */ = {
			isa = XCConfigurationList;
			buildConfigurations = (
				343372A91CC7796D00241DBE /* Debug */,
				343372AA1CC7796D00241DBE /* Release */,
			);
			defaultConfigurationIsVisible = 0;
			defaultConfigurationName = Release;
		};
		343372AB1CC7796D00241DBE /* Build configuration list for PBXNativeTarget "On The MapTests" */ = {
			isa = XCConfigurationList;
			buildConfigurations = (
				343372AC1CC7796D00241DBE /* Debug */,
				343372AD1CC7796D00241DBE /* Release */,
			);
			defaultConfigurationIsVisible = 0;
			defaultConfigurationName = Release;
		};
		343372AE1CC7796D00241DBE /* Build configuration list for PBXNativeTarget "On The MapUITests" */ = {
			isa = XCConfigurationList;
			buildConfigurations = (
				343372AF1CC7796D00241DBE /* Debug */,
				343372B01CC7796D00241DBE /* Release */,
			);
			defaultConfigurationIsVisible = 0;
			defaultConfigurationName = Release;
		};
/* End XCConfigurationList section */
	};
	rootObject = 343372781CC7796D00241DBE /* Project object */;
}
